// !$*UTF8*$!
{
	archiveVersion = 1;
	classes = {
	};
	objectVersion = 55;
	objects = {

/* Begin PBXBuildFile section */
		28AE83338398B695A8ADD82B /* Pods_LoodosMovieBox.framework in Frameworks */ = {isa = PBXBuildFile; fileRef = EE7893401C76CE00C68A5D6D /* Pods_LoodosMovieBox.framework */; };
		7E11A3772808942E00C2C918 /* APICaller.swift in Sources */ = {isa = PBXBuildFile; fileRef = 7E11A3762808942E00C2C918 /* APICaller.swift */; };
		7E11A3792808982E00C2C918 /* Movie.swift in Sources */ = {isa = PBXBuildFile; fileRef = 7E11A3782808982E00C2C918 /* Movie.swift */; };
		7E11A37B2808A14000C2C918 /* MovieTableViewCell.swift in Sources */ = {isa = PBXBuildFile; fileRef = 7E11A37A2808A14000C2C918 /* MovieTableViewCell.swift */; };
		7E6A6352280810E600FB75F5 /* AppDelegate.swift in Sources */ = {isa = PBXBuildFile; fileRef = 7E6A6351280810E600FB75F5 /* AppDelegate.swift */; };
		7E6A6354280810E600FB75F5 /* SceneDelegate.swift in Sources */ = {isa = PBXBuildFile; fileRef = 7E6A6353280810E600FB75F5 /* SceneDelegate.swift */; };
		7E6A6356280810E600FB75F5 /* SearchMovieViewController.swift in Sources */ = {isa = PBXBuildFile; fileRef = 7E6A6355280810E600FB75F5 /* SearchMovieViewController.swift */; };
		7E6A6359280810E600FB75F5 /* SearchMovie.storyboard in Resources */ = {isa = PBXBuildFile; fileRef = 7E6A6357280810E600FB75F5 /* SearchMovie.storyboard */; };
		7E6A635B280810E700FB75F5 /* Assets.xcassets in Resources */ = {isa = PBXBuildFile; fileRef = 7E6A635A280810E700FB75F5 /* Assets.xcassets */; };
		7E6A635E280810E700FB75F5 /* LaunchScreen.storyboard in Resources */ = {isa = PBXBuildFile; fileRef = 7E6A635C280810E700FB75F5 /* LaunchScreen.storyboard */; };
		7E6A6369280810E700FB75F5 /* LoodosMovieBoxTests.swift in Sources */ = {isa = PBXBuildFile; fileRef = 7E6A6368280810E700FB75F5 /* LoodosMovieBoxTests.swift */; };
		7E6A6373280810E700FB75F5 /* LoodosMovieBoxUITests.swift in Sources */ = {isa = PBXBuildFile; fileRef = 7E6A6372280810E700FB75F5 /* LoodosMovieBoxUITests.swift */; };
		7E6A6375280810E700FB75F5 /* LoodosMovieBoxUITestsLaunchTests.swift in Sources */ = {isa = PBXBuildFile; fileRef = 7E6A6374280810E700FB75F5 /* LoodosMovieBoxUITestsLaunchTests.swift */; };
		7EA33DEC280CB59900D9A6B5 /* NetworkMonitor.swift in Sources */ = {isa = PBXBuildFile; fileRef = 7EA33DEB280CB59900D9A6B5 /* NetworkMonitor.swift */; };
		7ECC079628100BC800C1EBB3 /* MovieDetailsViewModel.swift in Sources */ = {isa = PBXBuildFile; fileRef = 7ECC079528100BC800C1EBB3 /* MovieDetailsViewModel.swift */; };
		7EEE1D0128099F2100FC5F28 /* SearchMovieViewModel.swift in Sources */ = {isa = PBXBuildFile; fileRef = 7EEE1D0028099F2100FC5F28 /* SearchMovieViewModel.swift */; };
		7EEE1D0528099FFF00FC5F28 /* SearchMovieContracts.swift in Sources */ = {isa = PBXBuildFile; fileRef = 7EEE1D0428099FFF00FC5F28 /* SearchMovieContracts.swift */; };
		7EEE1D0A2809B5CB00FC5F28 /* Splash.storyboard in Resources */ = {isa = PBXBuildFile; fileRef = 7EEE1D092809B5CB00FC5F28 /* Splash.storyboard */; };
		7EEE1D0C2809BF1F00FC5F28 /* SplashScreenContracts.swift in Sources */ = {isa = PBXBuildFile; fileRef = 7EEE1D0B2809BF1F00FC5F28 /* SplashScreenContracts.swift */; };
		7EEE1D0E2809BF7B00FC5F28 /* SplashScreenViewModel.swift in Sources */ = {isa = PBXBuildFile; fileRef = 7EEE1D0D2809BF7B00FC5F28 /* SplashScreenViewModel.swift */; };
		7EEE1D112809C3D000FC5F28 /* MovieDetails.storyboard in Resources */ = {isa = PBXBuildFile; fileRef = 7EEE1D102809C3D000FC5F28 /* MovieDetails.storyboard */; };
		7EEE1D132809C3E000FC5F28 /* MovieDetailsViewController.swift in Sources */ = {isa = PBXBuildFile; fileRef = 7EEE1D122809C3E000FC5F28 /* MovieDetailsViewController.swift */; };
		7EEE1D162809F19700FC5F28 /* Kingfisher in Frameworks */ = {isa = PBXBuildFile; productRef = 7EEE1D152809F19700FC5F28 /* Kingfisher */; };
		7EEE1D182809FDF500FC5F28 /* Reachability.swift in Sources */ = {isa = PBXBuildFile; fileRef = 7EEE1D172809FDF500FC5F28 /* Reachability.swift */; };
		7EF27B902808183D0029E795 /* GoogleService-Info.plist in Resources */ = {isa = PBXBuildFile; fileRef = 7EF27B8F2808183D0029E795 /* GoogleService-Info.plist */; };
		7EF27B9228081AF50029E795 /* SplashScreenViewController.swift in Sources */ = {isa = PBXBuildFile; fileRef = 7EF27B9128081AF50029E795 /* SplashScreenViewController.swift */; };
/* End PBXBuildFile section */

/* Begin PBXContainerItemProxy section */
		7E6A6365280810E700FB75F5 /* PBXContainerItemProxy */ = {
			isa = PBXContainerItemProxy;
			containerPortal = 7E6A6346280810E500FB75F5 /* Project object */;
			proxyType = 1;
			remoteGlobalIDString = 7E6A634D280810E600FB75F5;
			remoteInfo = LoodosMovieBox;
		};
		7E6A636F280810E700FB75F5 /* PBXContainerItemProxy */ = {
			isa = PBXContainerItemProxy;
			containerPortal = 7E6A6346280810E500FB75F5 /* Project object */;
			proxyType = 1;
			remoteGlobalIDString = 7E6A634D280810E600FB75F5;
			remoteInfo = LoodosMovieBox;
		};
/* End PBXContainerItemProxy section */

/* Begin PBXFileReference section */
		7E11A3762808942E00C2C918 /* APICaller.swift */ = {isa = PBXFileReference; lastKnownFileType = sourcecode.swift; path = APICaller.swift; sourceTree = "<group>"; };
		7E11A3782808982E00C2C918 /* Movie.swift */ = {isa = PBXFileReference; lastKnownFileType = sourcecode.swift; path = Movie.swift; sourceTree = "<group>"; };
		7E11A37A2808A14000C2C918 /* MovieTableViewCell.swift */ = {isa = PBXFileReference; lastKnownFileType = sourcecode.swift; path = MovieTableViewCell.swift; sourceTree = "<group>"; };
		7E6A634E280810E600FB75F5 /* LoodosMovieBox.app */ = {isa = PBXFileReference; explicitFileType = wrapper.application; includeInIndex = 0; path = LoodosMovieBox.app; sourceTree = BUILT_PRODUCTS_DIR; };
		7E6A6351280810E600FB75F5 /* AppDelegate.swift */ = {isa = PBXFileReference; lastKnownFileType = sourcecode.swift; path = AppDelegate.swift; sourceTree = "<group>"; };
		7E6A6353280810E600FB75F5 /* SceneDelegate.swift */ = {isa = PBXFileReference; lastKnownFileType = sourcecode.swift; path = SceneDelegate.swift; sourceTree = "<group>"; };
		7E6A6355280810E600FB75F5 /* SearchMovieViewController.swift */ = {isa = PBXFileReference; lastKnownFileType = sourcecode.swift; path = SearchMovieViewController.swift; sourceTree = "<group>"; };
		7E6A6358280810E600FB75F5 /* Base */ = {isa = PBXFileReference; lastKnownFileType = file.storyboard; name = Base; path = Base.lproj/SearchMovie.storyboard; sourceTree = "<group>"; };
		7E6A635A280810E700FB75F5 /* Assets.xcassets */ = {isa = PBXFileReference; lastKnownFileType = folder.assetcatalog; path = Assets.xcassets; sourceTree = "<group>"; };
		7E6A635D280810E700FB75F5 /* Base */ = {isa = PBXFileReference; lastKnownFileType = file.storyboard; name = Base; path = Base.lproj/LaunchScreen.storyboard; sourceTree = "<group>"; };
		7E6A635F280810E700FB75F5 /* Info.plist */ = {isa = PBXFileReference; lastKnownFileType = text.plist.xml; path = Info.plist; sourceTree = "<group>"; };
		7E6A6364280810E700FB75F5 /* LoodosMovieBoxTests.xctest */ = {isa = PBXFileReference; explicitFileType = wrapper.cfbundle; includeInIndex = 0; path = LoodosMovieBoxTests.xctest; sourceTree = BUILT_PRODUCTS_DIR; };
		7E6A6368280810E700FB75F5 /* LoodosMovieBoxTests.swift */ = {isa = PBXFileReference; lastKnownFileType = sourcecode.swift; path = LoodosMovieBoxTests.swift; sourceTree = "<group>"; };
		7E6A636E280810E700FB75F5 /* LoodosMovieBoxUITests.xctest */ = {isa = PBXFileReference; explicitFileType = wrapper.cfbundle; includeInIndex = 0; path = LoodosMovieBoxUITests.xctest; sourceTree = BUILT_PRODUCTS_DIR; };
		7E6A6372280810E700FB75F5 /* LoodosMovieBoxUITests.swift */ = {isa = PBXFileReference; lastKnownFileType = sourcecode.swift; path = LoodosMovieBoxUITests.swift; sourceTree = "<group>"; };
		7E6A6374280810E700FB75F5 /* LoodosMovieBoxUITestsLaunchTests.swift */ = {isa = PBXFileReference; lastKnownFileType = sourcecode.swift; path = LoodosMovieBoxUITestsLaunchTests.swift; sourceTree = "<group>"; };
		7EA33DEB280CB59900D9A6B5 /* NetworkMonitor.swift */ = {isa = PBXFileReference; lastKnownFileType = sourcecode.swift; path = NetworkMonitor.swift; sourceTree = "<group>"; };
		7ECC079528100BC800C1EBB3 /* MovieDetailsViewModel.swift */ = {isa = PBXFileReference; lastKnownFileType = sourcecode.swift; path = MovieDetailsViewModel.swift; sourceTree = "<group>"; };
		7EEE1D0028099F2100FC5F28 /* SearchMovieViewModel.swift */ = {isa = PBXFileReference; lastKnownFileType = sourcecode.swift; path = SearchMovieViewModel.swift; sourceTree = "<group>"; };
		7EEE1D0428099FFF00FC5F28 /* SearchMovieContracts.swift */ = {isa = PBXFileReference; lastKnownFileType = sourcecode.swift; path = SearchMovieContracts.swift; sourceTree = "<group>"; };
		7EEE1D092809B5CB00FC5F28 /* Splash.storyboard */ = {isa = PBXFileReference; lastKnownFileType = file.storyboard; path = Splash.storyboard; sourceTree = "<group>"; };
		7EEE1D0B2809BF1F00FC5F28 /* SplashScreenContracts.swift */ = {isa = PBXFileReference; lastKnownFileType = sourcecode.swift; path = SplashScreenContracts.swift; sourceTree = "<group>"; };
		7EEE1D0D2809BF7B00FC5F28 /* SplashScreenViewModel.swift */ = {isa = PBXFileReference; lastKnownFileType = sourcecode.swift; path = SplashScreenViewModel.swift; sourceTree = "<group>"; };
		7EEE1D102809C3D000FC5F28 /* MovieDetails.storyboard */ = {isa = PBXFileReference; lastKnownFileType = file.storyboard; path = MovieDetails.storyboard; sourceTree = "<group>"; };
		7EEE1D122809C3E000FC5F28 /* MovieDetailsViewController.swift */ = {isa = PBXFileReference; lastKnownFileType = sourcecode.swift; path = MovieDetailsViewController.swift; sourceTree = "<group>"; };
		7EEE1D172809FDF500FC5F28 /* Reachability.swift */ = {isa = PBXFileReference; fileEncoding = 4; lastKnownFileType = sourcecode.swift; path = Reachability.swift; sourceTree = "<group>"; };
		7EF27B8F2808183D0029E795 /* GoogleService-Info.plist */ = {isa = PBXFileReference; fileEncoding = 4; lastKnownFileType = text.plist.xml; path = "GoogleService-Info.plist"; sourceTree = "<group>"; };
		7EF27B9128081AF50029E795 /* SplashScreenViewController.swift */ = {isa = PBXFileReference; lastKnownFileType = sourcecode.swift; path = SplashScreenViewController.swift; sourceTree = "<group>"; };
		84D03733829A86EEEE92F101 /* Pods-LoodosMovieBox.debug.xcconfig */ = {isa = PBXFileReference; includeInIndex = 1; lastKnownFileType = text.xcconfig; name = "Pods-LoodosMovieBox.debug.xcconfig"; path = "Target Support Files/Pods-LoodosMovieBox/Pods-LoodosMovieBox.debug.xcconfig"; sourceTree = "<group>"; };
		EE7893401C76CE00C68A5D6D /* Pods_LoodosMovieBox.framework */ = {isa = PBXFileReference; explicitFileType = wrapper.framework; includeInIndex = 0; path = Pods_LoodosMovieBox.framework; sourceTree = BUILT_PRODUCTS_DIR; };
		EFBB423171A21C57B7FBBC6B /* Pods-LoodosMovieBox.release.xcconfig */ = {isa = PBXFileReference; includeInIndex = 1; lastKnownFileType = text.xcconfig; name = "Pods-LoodosMovieBox.release.xcconfig"; path = "Target Support Files/Pods-LoodosMovieBox/Pods-LoodosMovieBox.release.xcconfig"; sourceTree = "<group>"; };
/* End PBXFileReference section */

/* Begin PBXFrameworksBuildPhase section */
		7E6A634B280810E600FB75F5 /* Frameworks */ = {
			isa = PBXFrameworksBuildPhase;
			buildActionMask = 2147483647;
			files = (
				7EEE1D162809F19700FC5F28 /* Kingfisher in Frameworks */,
				28AE83338398B695A8ADD82B /* Pods_LoodosMovieBox.framework in Frameworks */,
			);
			runOnlyForDeploymentPostprocessing = 0;
		};
		7E6A6361280810E700FB75F5 /* Frameworks */ = {
			isa = PBXFrameworksBuildPhase;
			buildActionMask = 2147483647;
			files = (
			);
			runOnlyForDeploymentPostprocessing = 0;
		};
		7E6A636B280810E700FB75F5 /* Frameworks */ = {
			isa = PBXFrameworksBuildPhase;
			buildActionMask = 2147483647;
			files = (
			);
			runOnlyForDeploymentPostprocessing = 0;
		};
/* End PBXFrameworksBuildPhase section */

/* Begin PBXGroup section */
		6C39C7FA978C8504FAE4AB88 /* Pods */ = {
			isa = PBXGroup;
			children = (
				84D03733829A86EEEE92F101 /* Pods-LoodosMovieBox.debug.xcconfig */,
				EFBB423171A21C57B7FBBC6B /* Pods-LoodosMovieBox.release.xcconfig */,
			);
			path = Pods;
			sourceTree = "<group>";
		};
		7E6A6345280810E500FB75F5 = {
			isa = PBXGroup;
			children = (
				7E6A6350280810E600FB75F5 /* LoodosMovieBox */,
				7E6A6367280810E700FB75F5 /* LoodosMovieBoxTests */,
				7E6A6371280810E700FB75F5 /* LoodosMovieBoxUITests */,
				7E6A634F280810E600FB75F5 /* Products */,
				6C39C7FA978C8504FAE4AB88 /* Pods */,
				9751142996D55DE99FFF5AF0 /* Frameworks */,
			);
			sourceTree = "<group>";
		};
		7E6A634F280810E600FB75F5 /* Products */ = {
			isa = PBXGroup;
			children = (
				7E6A634E280810E600FB75F5 /* LoodosMovieBox.app */,
				7E6A6364280810E700FB75F5 /* LoodosMovieBoxTests.xctest */,
				7E6A636E280810E700FB75F5 /* LoodosMovieBoxUITests.xctest */,
			);
			name = Products;
			sourceTree = "<group>";
		};
		7E6A6350280810E600FB75F5 /* LoodosMovieBox */ = {
			isa = PBXGroup;
			children = (
				7EEE1D072809B3A400FC5F28 /* MovieBoxAPI */,
				7EEE1D062809B2EC00FC5F28 /* SupportFiles */,
				7EEE1D0228099FB000FC5F28 /* Scenes */,
				7E6A635C280810E700FB75F5 /* LaunchScreen.storyboard */,
				7EF27B8F2808183D0029E795 /* GoogleService-Info.plist */,
				7E6A635F280810E700FB75F5 /* Info.plist */,
			);
			path = LoodosMovieBox;
			sourceTree = "<group>";
		};
		7E6A6367280810E700FB75F5 /* LoodosMovieBoxTests */ = {
			isa = PBXGroup;
			children = (
				7E6A6368280810E700FB75F5 /* LoodosMovieBoxTests.swift */,
			);
			path = LoodosMovieBoxTests;
			sourceTree = "<group>";
		};
		7E6A6371280810E700FB75F5 /* LoodosMovieBoxUITests */ = {
			isa = PBXGroup;
			children = (
				7E6A6372280810E700FB75F5 /* LoodosMovieBoxUITests.swift */,
				7E6A6374280810E700FB75F5 /* LoodosMovieBoxUITestsLaunchTests.swift */,
			);
			path = LoodosMovieBoxUITests;
			sourceTree = "<group>";
		};
		7EEE1D0228099FB000FC5F28 /* Scenes */ = {
			isa = PBXGroup;
			children = (
				7EEE1D082809B5B500FC5F28 /* Splash */,
				7EEE1D0328099FBE00FC5F28 /* SearchMovie */,
				7EEE1D0F2809C38F00FC5F28 /* MovieDetails */,
			);
			path = Scenes;
			sourceTree = "<group>";
		};
		7EEE1D0328099FBE00FC5F28 /* SearchMovie */ = {
			isa = PBXGroup;
			children = (
				7E6A6357280810E600FB75F5 /* SearchMovie.storyboard */,
				7EEE1D0428099FFF00FC5F28 /* SearchMovieContracts.swift */,
				7E6A6355280810E600FB75F5 /* SearchMovieViewController.swift */,
				7EEE1D0028099F2100FC5F28 /* SearchMovieViewModel.swift */,
				7E11A37A2808A14000C2C918 /* MovieTableViewCell.swift */,
			);
			path = SearchMovie;
			sourceTree = "<group>";
		};
		7EEE1D062809B2EC00FC5F28 /* SupportFiles */ = {
			isa = PBXGroup;
			children = (
				7EEE1D172809FDF500FC5F28 /* Reachability.swift */,
				7E6A635A280810E700FB75F5 /* Assets.xcassets */,
				7E6A6353280810E600FB75F5 /* SceneDelegate.swift */,
				7E6A6351280810E600FB75F5 /* AppDelegate.swift */,
				7EA33DEB280CB59900D9A6B5 /* NetworkMonitor.swift */,
			);
			path = SupportFiles;
			sourceTree = "<group>";
		};
		7EEE1D072809B3A400FC5F28 /* MovieBoxAPI */ = {
			isa = PBXGroup;
			children = (
				7E11A3782808982E00C2C918 /* Movie.swift */,
				7E11A3762808942E00C2C918 /* APICaller.swift */,
			);
			path = MovieBoxAPI;
			sourceTree = "<group>";
		};
		7EEE1D082809B5B500FC5F28 /* Splash */ = {
			isa = PBXGroup;
			children = (
				7EEE1D092809B5CB00FC5F28 /* Splash.storyboard */,
				7EEE1D0B2809BF1F00FC5F28 /* SplashScreenContracts.swift */,
				7EF27B9128081AF50029E795 /* SplashScreenViewController.swift */,
				7EEE1D0D2809BF7B00FC5F28 /* SplashScreenViewModel.swift */,
			);
			path = Splash;
			sourceTree = "<group>";
		};
		7EEE1D0F2809C38F00FC5F28 /* MovieDetails */ = {
			isa = PBXGroup;
			children = (
				7EEE1D102809C3D000FC5F28 /* MovieDetails.storyboard */,
				7EEE1D122809C3E000FC5F28 /* MovieDetailsViewController.swift */,
				7ECC079528100BC800C1EBB3 /* MovieDetailsViewModel.swift */,
			);
			path = MovieDetails;
			sourceTree = "<group>";
		};
		9751142996D55DE99FFF5AF0 /* Frameworks */ = {
			isa = PBXGroup;
			children = (
				EE7893401C76CE00C68A5D6D /* Pods_LoodosMovieBox.framework */,
			);
			name = Frameworks;
			sourceTree = "<group>";
		};
/* End PBXGroup section */

/* Begin PBXNativeTarget section */
		7E6A634D280810E600FB75F5 /* LoodosMovieBox */ = {
			isa = PBXNativeTarget;
			buildConfigurationList = 7E6A6378280810E700FB75F5 /* Build configuration list for PBXNativeTarget "LoodosMovieBox" */;
			buildPhases = (
				6633207F885D385BDE8B2E03 /* [CP] Check Pods Manifest.lock */,
				7E6A634A280810E600FB75F5 /* Sources */,
				7E6A634B280810E600FB75F5 /* Frameworks */,
				7E6A634C280810E600FB75F5 /* Resources */,
				1B795FEDFB4A94216A2F7BB8 /* [CP] Embed Pods Frameworks */,
			);
			buildRules = (
			);
			dependencies = (
			);
			name = LoodosMovieBox;
			packageProductDependencies = (
				7EEE1D152809F19700FC5F28 /* Kingfisher */,
			);
			productName = LoodosMovieBox;
			productReference = 7E6A634E280810E600FB75F5 /* LoodosMovieBox.app */;
			productType = "com.apple.product-type.application";
		};
		7E6A6363280810E700FB75F5 /* LoodosMovieBoxTests */ = {
			isa = PBXNativeTarget;
			buildConfigurationList = 7E6A637B280810E700FB75F5 /* Build configuration list for PBXNativeTarget "LoodosMovieBoxTests" */;
			buildPhases = (
				7E6A6360280810E700FB75F5 /* Sources */,
				7E6A6361280810E700FB75F5 /* Frameworks */,
				7E6A6362280810E700FB75F5 /* Resources */,
			);
			buildRules = (
			);
			dependencies = (
				7E6A6366280810E700FB75F5 /* PBXTargetDependency */,
			);
			name = LoodosMovieBoxTests;
			productName = LoodosMovieBoxTests;
			productReference = 7E6A6364280810E700FB75F5 /* LoodosMovieBoxTests.xctest */;
			productType = "com.apple.product-type.bundle.unit-test";
		};
		7E6A636D280810E700FB75F5 /* LoodosMovieBoxUITests */ = {
			isa = PBXNativeTarget;
			buildConfigurationList = 7E6A637E280810E700FB75F5 /* Build configuration list for PBXNativeTarget "LoodosMovieBoxUITests" */;
			buildPhases = (
				7E6A636A280810E700FB75F5 /* Sources */,
				7E6A636B280810E700FB75F5 /* Frameworks */,
				7E6A636C280810E700FB75F5 /* Resources */,
			);
			buildRules = (
			);
			dependencies = (
				7E6A6370280810E700FB75F5 /* PBXTargetDependency */,
			);
			name = LoodosMovieBoxUITests;
			productName = LoodosMovieBoxUITests;
			productReference = 7E6A636E280810E700FB75F5 /* LoodosMovieBoxUITests.xctest */;
			productType = "com.apple.product-type.bundle.ui-testing";
		};
/* End PBXNativeTarget section */

/* Begin PBXProject section */
		7E6A6346280810E500FB75F5 /* Project object */ = {
			isa = PBXProject;
			attributes = {
				BuildIndependentTargetsInParallel = 1;
				LastSwiftUpdateCheck = 1320;
				LastUpgradeCheck = 1320;
				TargetAttributes = {
					7E6A634D280810E600FB75F5 = {
						CreatedOnToolsVersion = 13.2.1;
					};
					7E6A6363280810E700FB75F5 = {
						CreatedOnToolsVersion = 13.2.1;
						TestTargetID = 7E6A634D280810E600FB75F5;
					};
					7E6A636D280810E700FB75F5 = {
						CreatedOnToolsVersion = 13.2.1;
						TestTargetID = 7E6A634D280810E600FB75F5;
					};
				};
			};
			buildConfigurationList = 7E6A6349280810E500FB75F5 /* Build configuration list for PBXProject "LoodosMovieBox" */;
			compatibilityVersion = "Xcode 13.0";
			developmentRegion = en;
			hasScannedForEncodings = 0;
			knownRegions = (
				en,
				Base,
			);
			mainGroup = 7E6A6345280810E500FB75F5;
			packageReferences = (
				7EEE1D142809F19700FC5F28 /* XCRemoteSwiftPackageReference "Kingfisher" */,
			);
			productRefGroup = 7E6A634F280810E600FB75F5 /* Products */;
			projectDirPath = "";
			projectRoot = "";
			targets = (
				7E6A634D280810E600FB75F5 /* LoodosMovieBox */,
				7E6A6363280810E700FB75F5 /* LoodosMovieBoxTests */,
				7E6A636D280810E700FB75F5 /* LoodosMovieBoxUITests */,
			);
		};
/* End PBXProject section */

/* Begin PBXResourcesBuildPhase section */
		7E6A634C280810E600FB75F5 /* Resources */ = {
			isa = PBXResourcesBuildPhase;
			buildActionMask = 2147483647;
			files = (
				7E6A635E280810E700FB75F5 /* LaunchScreen.storyboard in Resources */,
				7EF27B902808183D0029E795 /* GoogleService-Info.plist in Resources */,
				7EEE1D112809C3D000FC5F28 /* MovieDetails.storyboard in Resources */,
				7E6A635B280810E700FB75F5 /* Assets.xcassets in Resources */,
				7EEE1D0A2809B5CB00FC5F28 /* Splash.storyboard in Resources */,
				7E6A6359280810E600FB75F5 /* SearchMovie.storyboard in Resources */,
			);
			runOnlyForDeploymentPostprocessing = 0;
		};
		7E6A6362280810E700FB75F5 /* Resources */ = {
			isa = PBXResourcesBuildPhase;
			buildActionMask = 2147483647;
			files = (
			);
			runOnlyForDeploymentPostprocessing = 0;
		};
		7E6A636C280810E700FB75F5 /* Resources */ = {
			isa = PBXResourcesBuildPhase;
			buildActionMask = 2147483647;
			files = (
			);
			runOnlyForDeploymentPostprocessing = 0;
		};
/* End PBXResourcesBuildPhase section */

/* Begin PBXShellScriptBuildPhase section */
		1B795FEDFB4A94216A2F7BB8 /* [CP] Embed Pods Frameworks */ = {
			isa = PBXShellScriptBuildPhase;
			buildActionMask = 2147483647;
			files = (
			);
			inputFileListPaths = (
				"${PODS_ROOT}/Target Support Files/Pods-LoodosMovieBox/Pods-LoodosMovieBox-frameworks-${CONFIGURATION}-input-files.xcfilelist",
			);
			name = "[CP] Embed Pods Frameworks";
			outputFileListPaths = (
				"${PODS_ROOT}/Target Support Files/Pods-LoodosMovieBox/Pods-LoodosMovieBox-frameworks-${CONFIGURATION}-output-files.xcfilelist",
			);
			runOnlyForDeploymentPostprocessing = 0;
			shellPath = /bin/sh;
			shellScript = "\"${PODS_ROOT}/Target Support Files/Pods-LoodosMovieBox/Pods-LoodosMovieBox-frameworks.sh\"\n";
			showEnvVarsInLog = 0;
		};
		6633207F885D385BDE8B2E03 /* [CP] Check Pods Manifest.lock */ = {
			isa = PBXShellScriptBuildPhase;
			buildActionMask = 2147483647;
			files = (
			);
			inputFileListPaths = (
			);
			inputPaths = (
				"${PODS_PODFILE_DIR_PATH}/Podfile.lock",
				"${PODS_ROOT}/Manifest.lock",
			);
			name = "[CP] Check Pods Manifest.lock";
			outputFileListPaths = (
			);
			outputPaths = (
				"$(DERIVED_FILE_DIR)/Pods-LoodosMovieBox-checkManifestLockResult.txt",
			);
			runOnlyForDeploymentPostprocessing = 0;
			shellPath = /bin/sh;
			shellScript = "diff \"${PODS_PODFILE_DIR_PATH}/Podfile.lock\" \"${PODS_ROOT}/Manifest.lock\" > /dev/null\nif [ $? != 0 ] ; then\n    # print error to STDERR\n    echo \"error: The sandbox is not in sync with the Podfile.lock. Run 'pod install' or update your CocoaPods installation.\" >&2\n    exit 1\nfi\n# This output is used by Xcode 'outputs' to avoid re-running this script phase.\necho \"SUCCESS\" > \"${SCRIPT_OUTPUT_FILE_0}\"\n";
			showEnvVarsInLog = 0;
		};
/* End PBXShellScriptBuildPhase section */

/* Begin PBXSourcesBuildPhase section */
		7E6A634A280810E600FB75F5 /* Sources */ = {
			isa = PBXSourcesBuildPhase;
			buildActionMask = 2147483647;
			files = (
				7EF27B9228081AF50029E795 /* SplashScreenViewController.swift in Sources */,
				7E6A6356280810E600FB75F5 /* SearchMovieViewController.swift in Sources */,
				7E11A37B2808A14000C2C918 /* MovieTableViewCell.swift in Sources */,
				7E11A3792808982E00C2C918 /* Movie.swift in Sources */,
				7E6A6352280810E600FB75F5 /* AppDelegate.swift in Sources */,
				7ECC079628100BC800C1EBB3 /* MovieDetailsViewModel.swift in Sources */,
				7E11A3772808942E00C2C918 /* APICaller.swift in Sources */,
				7EEE1D0528099FFF00FC5F28 /* SearchMovieContracts.swift in Sources */,
				7E6A6354280810E600FB75F5 /* SceneDelegate.swift in Sources */,
				7EEE1D132809C3E000FC5F28 /* MovieDetailsViewController.swift in Sources */,
				7EEE1D0C2809BF1F00FC5F28 /* SplashScreenContracts.swift in Sources */,
				7EEE1D0128099F2100FC5F28 /* SearchMovieViewModel.swift in Sources */,
				7EEE1D0E2809BF7B00FC5F28 /* SplashScreenViewModel.swift in Sources */,
				7EEE1D182809FDF500FC5F28 /* Reachability.swift in Sources */,
				7EA33DEC280CB59900D9A6B5 /* NetworkMonitor.swift in Sources */,
			);
			runOnlyForDeploymentPostprocessing = 0;
		};
		7E6A6360280810E700FB75F5 /* Sources */ = {
			isa = PBXSourcesBuildPhase;
			buildActionMask = 2147483647;
			files = (
				7E6A6369280810E700FB75F5 /* LoodosMovieBoxTests.swift in Sources */,
			);
			runOnlyForDeploymentPostprocessing = 0;
		};
		7E6A636A280810E700FB75F5 /* Sources */ = {
			isa = PBXSourcesBuildPhase;
			buildActionMask = 2147483647;
			files = (
				7E6A6373280810E700FB75F5 /* LoodosMovieBoxUITests.swift in Sources */,
				7E6A6375280810E700FB75F5 /* LoodosMovieBoxUITestsLaunchTests.swift in Sources */,
			);
			runOnlyForDeploymentPostprocessing = 0;
		};
/* End PBXSourcesBuildPhase section */

/* Begin PBXTargetDependency section */
		7E6A6366280810E700FB75F5 /* PBXTargetDependency */ = {
			isa = PBXTargetDependency;
			target = 7E6A634D280810E600FB75F5 /* LoodosMovieBox */;
			targetProxy = 7E6A6365280810E700FB75F5 /* PBXContainerItemProxy */;
		};
		7E6A6370280810E700FB75F5 /* PBXTargetDependency */ = {
			isa = PBXTargetDependency;
			target = 7E6A634D280810E600FB75F5 /* LoodosMovieBox */;
			targetProxy = 7E6A636F280810E700FB75F5 /* PBXContainerItemProxy */;
		};
/* End PBXTargetDependency section */

/* Begin PBXVariantGroup section */
		7E6A6357280810E600FB75F5 /* SearchMovie.storyboard */ = {
			isa = PBXVariantGroup;
			children = (
				7E6A6358280810E600FB75F5 /* Base */,
			);
			name = SearchMovie.storyboard;
			sourceTree = "<group>";
		};
		7E6A635C280810E700FB75F5 /* LaunchScreen.storyboard */ = {
			isa = PBXVariantGroup;
			children = (
				7E6A635D280810E700FB75F5 /* Base */,
			);
			name = LaunchScreen.storyboard;
			sourceTree = "<group>";
		};
/* End PBXVariantGroup section */

/* Begin XCBuildConfiguration section */
		7E6A6376280810E700FB75F5 /* Debug */ = {
			isa = XCBuildConfiguration;
			buildSettings = {
				ALWAYS_SEARCH_USER_PATHS = NO;
				CLANG_ANALYZER_NONNULL = YES;
				CLANG_ANALYZER_NUMBER_OBJECT_CONVERSION = YES_AGGRESSIVE;
				CLANG_CXX_LANGUAGE_STANDARD = "gnu++17";
				CLANG_CXX_LIBRARY = "libc++";
				CLANG_ENABLE_MODULES = YES;
				CLANG_ENABLE_OBJC_ARC = YES;
				CLANG_ENABLE_OBJC_WEAK = YES;
				CLANG_WARN_BLOCK_CAPTURE_AUTORELEASING = YES;
				CLANG_WARN_BOOL_CONVERSION = YES;
				CLANG_WARN_COMMA = YES;
				CLANG_WARN_CONSTANT_CONVERSION = YES;
				CLANG_WARN_DEPRECATED_OBJC_IMPLEMENTATIONS = YES;
				CLANG_WARN_DIRECT_OBJC_ISA_USAGE = YES_ERROR;
				CLANG_WARN_DOCUMENTATION_COMMENTS = YES;
				CLANG_WARN_EMPTY_BODY = YES;
				CLANG_WARN_ENUM_CONVERSION = YES;
				CLANG_WARN_INFINITE_RECURSION = YES;
				CLANG_WARN_INT_CONVERSION = YES;
				CLANG_WARN_NON_LITERAL_NULL_CONVERSION = YES;
				CLANG_WARN_OBJC_IMPLICIT_RETAIN_SELF = YES;
				CLANG_WARN_OBJC_LITERAL_CONVERSION = YES;
				CLANG_WARN_OBJC_ROOT_CLASS = YES_ERROR;
				CLANG_WARN_QUOTED_INCLUDE_IN_FRAMEWORK_HEADER = YES;
				CLANG_WARN_RANGE_LOOP_ANALYSIS = YES;
				CLANG_WARN_STRICT_PROTOTYPES = YES;
				CLANG_WARN_SUSPICIOUS_MOVE = YES;
				CLANG_WARN_UNGUARDED_AVAILABILITY = YES_AGGRESSIVE;
				CLANG_WARN_UNREACHABLE_CODE = YES;
				CLANG_WARN__DUPLICATE_METHOD_MATCH = YES;
				COPY_PHASE_STRIP = NO;
				DEBUG_INFORMATION_FORMAT = dwarf;
				ENABLE_STRICT_OBJC_MSGSEND = YES;
				ENABLE_TESTABILITY = YES;
				GCC_C_LANGUAGE_STANDARD = gnu11;
				GCC_DYNAMIC_NO_PIC = NO;
				GCC_NO_COMMON_BLOCKS = YES;
				GCC_OPTIMIZATION_LEVEL = 0;
				GCC_PREPROCESSOR_DEFINITIONS = (
					"DEBUG=1",
					"$(inherited)",
				);
				GCC_WARN_64_TO_32_BIT_CONVERSION = YES;
				GCC_WARN_ABOUT_RETURN_TYPE = YES_ERROR;
				GCC_WARN_UNDECLARED_SELECTOR = YES;
				GCC_WARN_UNINITIALIZED_AUTOS = YES_AGGRESSIVE;
				GCC_WARN_UNUSED_FUNCTION = YES;
				GCC_WARN_UNUSED_VARIABLE = YES;
				IPHONEOS_DEPLOYMENT_TARGET = 15.2;
				MTL_ENABLE_DEBUG_INFO = INCLUDE_SOURCE;
				MTL_FAST_MATH = YES;
				ONLY_ACTIVE_ARCH = YES;
				SDKROOT = iphoneos;
				SWIFT_ACTIVE_COMPILATION_CONDITIONS = DEBUG;
				SWIFT_OPTIMIZATION_LEVEL = "-Onone";
			};
			name = Debug;
		};
		7E6A6377280810E700FB75F5 /* Release */ = {
			isa = XCBuildConfiguration;
			buildSettings = {
				ALWAYS_SEARCH_USER_PATHS = NO;
				CLANG_ANALYZER_NONNULL = YES;
				CLANG_ANALYZER_NUMBER_OBJECT_CONVERSION = YES_AGGRESSIVE;
				CLANG_CXX_LANGUAGE_STANDARD = "gnu++17";
				CLANG_CXX_LIBRARY = "libc++";
				CLANG_ENABLE_MODULES = YES;
				CLANG_ENABLE_OBJC_ARC = YES;
				CLANG_ENABLE_OBJC_WEAK = YES;
				CLANG_WARN_BLOCK_CAPTURE_AUTORELEASING = YES;
				CLANG_WARN_BOOL_CONVERSION = YES;
				CLANG_WARN_COMMA = YES;
				CLANG_WARN_CONSTANT_CONVERSION = YES;
				CLANG_WARN_DEPRECATED_OBJC_IMPLEMENTATIONS = YES;
				CLANG_WARN_DIRECT_OBJC_ISA_USAGE = YES_ERROR;
				CLANG_WARN_DOCUMENTATION_COMMENTS = YES;
				CLANG_WARN_EMPTY_BODY = YES;
				CLANG_WARN_ENUM_CONVERSION = YES;
				CLANG_WARN_INFINITE_RECURSION = YES;
				CLANG_WARN_INT_CONVERSION = YES;
				CLANG_WARN_NON_LITERAL_NULL_CONVERSION = YES;
				CLANG_WARN_OBJC_IMPLICIT_RETAIN_SELF = YES;
				CLANG_WARN_OBJC_LITERAL_CONVERSION = YES;
				CLANG_WARN_OBJC_ROOT_CLASS = YES_ERROR;
				CLANG_WARN_QUOTED_INCLUDE_IN_FRAMEWORK_HEADER = YES;
				CLANG_WARN_RANGE_LOOP_ANALYSIS = YES;
				CLANG_WARN_STRICT_PROTOTYPES = YES;
				CLANG_WARN_SUSPICIOUS_MOVE = YES;
				CLANG_WARN_UNGUARDED_AVAILABILITY = YES_AGGRESSIVE;
				CLANG_WARN_UNREACHABLE_CODE = YES;
				CLANG_WARN__DUPLICATE_METHOD_MATCH = YES;
				COPY_PHASE_STRIP = NO;
				DEBUG_INFORMATION_FORMAT = "dwarf-with-dsym";
				ENABLE_NS_ASSERTIONS = NO;
				ENABLE_STRICT_OBJC_MSGSEND = YES;
				GCC_C_LANGUAGE_STANDARD = gnu11;
				GCC_NO_COMMON_BLOCKS = YES;
				GCC_WARN_64_TO_32_BIT_CONVERSION = YES;
				GCC_WARN_ABOUT_RETURN_TYPE = YES_ERROR;
				GCC_WARN_UNDECLARED_SELECTOR = YES;
				GCC_WARN_UNINITIALIZED_AUTOS = YES_AGGRESSIVE;
				GCC_WARN_UNUSED_FUNCTION = YES;
				GCC_WARN_UNUSED_VARIABLE = YES;
				IPHONEOS_DEPLOYMENT_TARGET = 15.2;
				MTL_ENABLE_DEBUG_INFO = NO;
				MTL_FAST_MATH = YES;
				SDKROOT = iphoneos;
				SWIFT_COMPILATION_MODE = wholemodule;
				SWIFT_OPTIMIZATION_LEVEL = "-O";
				VALIDATE_PRODUCT = YES;
			};
			name = Release;
		};
		7E6A6379280810E700FB75F5 /* Debug */ = {
			isa = XCBuildConfiguration;
			baseConfigurationReference = 84D03733829A86EEEE92F101 /* Pods-LoodosMovieBox.debug.xcconfig */;
			buildSettings = {
				ASSETCATALOG_COMPILER_APPICON_NAME = AppIcon;
				ASSETCATALOG_COMPILER_GLOBAL_ACCENT_COLOR_NAME = AccentColor;
				CODE_SIGN_STYLE = Automatic;
				CURRENT_PROJECT_VERSION = 1;
				DEVELOPMENT_TEAM = 2B8Y2ADVF5;
				GENERATE_INFOPLIST_FILE = YES;
				INFOPLIST_FILE = LoodosMovieBox/Info.plist;
				INFOPLIST_KEY_UIApplicationSupportsIndirectInputEvents = YES;
				INFOPLIST_KEY_UILaunchStoryboardName = LaunchScreen;
				INFOPLIST_KEY_UIMainStoryboardFile = Splash;
				INFOPLIST_KEY_UISupportedInterfaceOrientations_iPad = "UIInterfaceOrientationPortrait UIInterfaceOrientationPortraitUpsideDown UIInterfaceOrientationLandscapeLeft UIInterfaceOrientationLandscapeRight";
				INFOPLIST_KEY_UISupportedInterfaceOrientations_iPhone = "UIInterfaceOrientationPortrait UIInterfaceOrientationLandscapeLeft UIInterfaceOrientationLandscapeRight";
				LD_RUNPATH_SEARCH_PATHS = (
					"$(inherited)",
					"@executable_path/Frameworks",
				);
				MARKETING_VERSION = 1.0;
				PRODUCT_BUNDLE_IDENTIFIER = com.gokalpkoksal.LoodosMovieBox;
				PRODUCT_NAME = "$(TARGET_NAME)";
				SWIFT_EMIT_LOC_STRINGS = YES;
				SWIFT_VERSION = 5.0;
				TARGETED_DEVICE_FAMILY = "1,2";
			};
			name = Debug;
		};
		7E6A637A280810E700FB75F5 /* Release */ = {
			isa = XCBuildConfiguration;
			baseConfigurationReference = EFBB423171A21C57B7FBBC6B /* Pods-LoodosMovieBox.release.xcconfig */;
			buildSettings = {
				ASSETCATALOG_COMPILER_APPICON_NAME = AppIcon;
				ASSETCATALOG_COMPILER_GLOBAL_ACCENT_COLOR_NAME = AccentColor;
				CODE_SIGN_STYLE = Automatic;
				CURRENT_PROJECT_VERSION = 1;
				DEVELOPMENT_TEAM = 2B8Y2ADVF5;
				GENERATE_INFOPLIST_FILE = YES;
				INFOPLIST_FILE = LoodosMovieBox/Info.plist;
				INFOPLIST_KEY_UIApplicationSupportsIndirectInputEvents = YES;
				INFOPLIST_KEY_UILaunchStoryboardName = LaunchScreen;
				INFOPLIST_KEY_UIMainStoryboardFile = Splash;
				INFOPLIST_KEY_UISupportedInterfaceOrientations_iPad = "UIInterfaceOrientationPortrait UIInterfaceOrientationPortraitUpsideDown UIInterfaceOrientationLandscapeLeft UIInterfaceOrientationLandscapeRight";
				INFOPLIST_KEY_UISupportedInterfaceOrientations_iPhone = "UIInterfaceOrientationPortrait UIInterfaceOrientationLandscapeLeft UIInterfaceOrientationLandscapeRight";
				LD_RUNPATH_SEARCH_PATHS = (
					"$(inherited)",
					"@executable_path/Frameworks",
				);
				MARKETING_VERSION = 1.0;
				PRODUCT_BUNDLE_IDENTIFIER = com.gokalpkoksal.LoodosMovieBox;
				PRODUCT_NAME = "$(TARGET_NAME)";
				SWIFT_EMIT_LOC_STRINGS = YES;
				SWIFT_VERSION = 5.0;
				TARGETED_DEVICE_FAMILY = "1,2";
			};
			name = Release;
		};
		7E6A637C280810E700FB75F5 /* Debug */ = {
			isa = XCBuildConfiguration;
			buildSettings = {
				ALWAYS_EMBED_SWIFT_STANDARD_LIBRARIES = YES;
				BUNDLE_LOADER = "$(TEST_HOST)";
				CODE_SIGN_STYLE = Automatic;
				CURRENT_PROJECT_VERSION = 1;
				DEVELOPMENT_TEAM = 2B8Y2ADVF5;
				GENERATE_INFOPLIST_FILE = YES;
				IPHONEOS_DEPLOYMENT_TARGET = 15.2;
				MARKETING_VERSION = 1.0;
				PRODUCT_BUNDLE_IDENTIFIER = com.gokalpkoksal.LoodosMovieBoxTests;
				PRODUCT_NAME = "$(TARGET_NAME)";
				SWIFT_EMIT_LOC_STRINGS = NO;
				SWIFT_VERSION = 5.0;
				TARGETED_DEVICE_FAMILY = "1,2";
				TEST_HOST = "$(BUILT_PRODUCTS_DIR)/LoodosMovieBox.app/LoodosMovieBox";
			};
			name = Debug;
		};
		7E6A637D280810E700FB75F5 /* Release */ = {
			isa = XCBuildConfiguration;
			buildSettings = {
				ALWAYS_EMBED_SWIFT_STANDARD_LIBRARIES = YES;
				BUNDLE_LOADER = "$(TEST_HOST)";
				CODE_SIGN_STYLE = Automatic;
				CURRENT_PROJECT_VERSION = 1;
				DEVELOPMENT_TEAM = 2B8Y2ADVF5;
				GENERATE_INFOPLIST_FILE = YES;
				IPHONEOS_DEPLOYMENT_TARGET = 15.2;
				MARKETING_VERSION = 1.0;
				PRODUCT_BUNDLE_IDENTIFIER = com.gokalpkoksal.LoodosMovieBoxTests;
				PRODUCT_NAME = "$(TARGET_NAME)";
				SWIFT_EMIT_LOC_STRINGS = NO;
				SWIFT_VERSION = 5.0;
				TARGETED_DEVICE_FAMILY = "1,2";
				TEST_HOST = "$(BUILT_PRODUCTS_DIR)/LoodosMovieBox.app/LoodosMovieBox";
			};
			name = Release;
		};
		7E6A637F280810E700FB75F5 /* Debug */ = {
			isa = XCBuildConfiguration;
			buildSettings = {
				ALWAYS_EMBED_SWIFT_STANDARD_LIBRARIES = YES;
				CODE_SIGN_STYLE = Automatic;
				CURRENT_PROJECT_VERSION = 1;
				DEVELOPMENT_TEAM = 2B8Y2ADVF5;
				GENERATE_INFOPLIST_FILE = YES;
				MARKETING_VERSION = 1.0;
				PRODUCT_BUNDLE_IDENTIFIER = com.gokalpkoksal.LoodosMovieBoxUITests;
				PRODUCT_NAME = "$(TARGET_NAME)";
				SWIFT_EMIT_LOC_STRINGS = NO;
				SWIFT_VERSION = 5.0;
				TARGETED_DEVICE_FAMILY = "1,2";
				TEST_TARGET_NAME = LoodosMovieBox;
			};
			name = Debug;
		};
		7E6A6380280810E700FB75F5 /* Release */ = {
			isa = XCBuildConfiguration;
			buildSettings = {
				ALWAYS_EMBED_SWIFT_STANDARD_LIBRARIES = YES;
				CODE_SIGN_STYLE = Automatic;
				CURRENT_PROJECT_VERSION = 1;
				DEVELOPMENT_TEAM = 2B8Y2ADVF5;
				GENERATE_INFOPLIST_FILE = YES;
				MARKETING_VERSION = 1.0;
				PRODUCT_BUNDLE_IDENTIFIER = com.gokalpkoksal.LoodosMovieBoxUITests;
				PRODUCT_NAME = "$(TARGET_NAME)";
				SWIFT_EMIT_LOC_STRINGS = NO;
				SWIFT_VERSION = 5.0;
				TARGETED_DEVICE_FAMILY = "1,2";
				TEST_TARGET_NAME = LoodosMovieBox;
			};
			name = Release;
		};
/* End XCBuildConfiguration section */

/* Begin XCConfigurationList section */
		7E6A6349280810E500FB75F5 /* Build configuration list for PBXProject "LoodosMovieBox" */ = {
			isa = XCConfigurationList;
			buildConfigurations = (
				7E6A6376280810E700FB75F5 /* Debug */,
				7E6A6377280810E700FB75F5 /* Release */,
			);
			defaultConfigurationIsVisible = 0;
			defaultConfigurationName = Release;
		};
		7E6A6378280810E700FB75F5 /* Build configuration list for PBXNativeTarget "LoodosMovieBox" */ = {
			isa = XCConfigurationList;
			buildConfigurations = (
				7E6A6379280810E700FB75F5 /* Debug */,
				7E6A637A280810E700FB75F5 /* Release */,
			);
			defaultConfigurationIsVisible = 0;
			defaultConfigurationName = Release;
		};
		7E6A637B280810E700FB75F5 /* Build configuration list for PBXNativeTarget "LoodosMovieBoxTests" */ = {
			isa = XCConfigurationList;
			buildConfigurations = (
				7E6A637C280810E700FB75F5 /* Debug */,
				7E6A637D280810E700FB75F5 /* Release */,
			);
			defaultConfigurationIsVisible = 0;
			defaultConfigurationName = Release;
		};
		7E6A637E280810E700FB75F5 /* Build configuration list for PBXNativeTarget "LoodosMovieBoxUITests" */ = {
			isa = XCConfigurationList;
			buildConfigurations = (
				7E6A637F280810E700FB75F5 /* Debug */,
				7E6A6380280810E700FB75F5 /* Release */,
			);
			defaultConfigurationIsVisible = 0;
			defaultConfigurationName = Release;
		};
/* End XCConfigurationList section */

/* Begin XCRemoteSwiftPackageReference section */
		7EEE1D142809F19700FC5F28 /* XCRemoteSwiftPackageReference "Kingfisher" */ = {
			isa = XCRemoteSwiftPackageReference;
			repositoryURL = "https://github.com/onevcat/Kingfisher.git";
			requirement = {
				kind = upToNextMajorVersion;
				minimumVersion = 7.0.0;
			};
		};
/* End XCRemoteSwiftPackageReference section */

/* Begin XCSwiftPackageProductDependency section */
		7EEE1D152809F19700FC5F28 /* Kingfisher */ = {
			isa = XCSwiftPackageProductDependency;
			package = 7EEE1D142809F19700FC5F28 /* XCRemoteSwiftPackageReference "Kingfisher" */;
			productName = Kingfisher;
		};
/* End XCSwiftPackageProductDependency section */
	};
	rootObject = 7E6A6346280810E500FB75F5 /* Project object */;
}
